{
  "version": 4,
  "terraform_version": "1.13.3",
  "serial": 72,
  "lineage": "e8f830dc-cda5-3ca0-51c8-55e69650e628",
  "outputs": {},
  "resources": [
    {
      "mode": "managed",
      "type": "aws_s3_bucket",
      "name": "reports",
      "provider": "provider[\"registry.terraform.io/hashicorp/aws\"]",
      "instances": [
        {
          "schema_version": 0,
          "attributes": {
            "acceleration_status": "",
            "acl": null,
            "arn": "arn:aws:s3:::acm-inventory-reports-451245779631-20250125",
            "bucket": "acm-inventory-reports-451245779631-20250125",
            "bucket_domain_name": "acm-inventory-reports-451245779631-20250125.s3.amazonaws.com",
            "bucket_prefix": "",
            "bucket_regional_domain_name": "acm-inventory-reports-451245779631-20250125.s3.us-east-1.amazonaws.com",
            "cors_rule": [],
            "force_destroy": false,
            "grant": [
              {
                "id": "e5e68816db7e272622a3d222c2f2bfcd738a4411a2619b4290da3ffff50cc763",
                "permissions": [
                  "FULL_CONTROL"
                ],
                "type": "CanonicalUser",
                "uri": ""
              }
            ],
            "hosted_zone_id": "Z3AQBSTGFYJSTF",
            "id": "acm-inventory-reports-451245779631-20250125",
            "lifecycle_rule": [],
            "logging": [],
            "object_lock_configuration": [],
            "object_lock_enabled": false,
            "policy": "{\"Statement\":[{\"Action\":\"s3:*\",\"Condition\":{\"Bool\":{\"aws:SecureTransport\":\"false\"}},\"Effect\":\"Deny\",\"Principal\":\"*\",\"Resource\":[\"arn:aws:s3:::acm-inventory-reports-451245779631-20250125\",\"arn:aws:s3:::acm-inventory-reports-451245779631-20250125/*\"],\"Sid\":\"AllowSSLRequestsOnly\"}],\"Version\":\"2012-10-17\"}",
            "region": "us-east-1",
            "replication_configuration": [],
            "request_payer": "BucketOwner",
            "server_side_encryption_configuration": [
              {
                "rule": [
                  {
                    "apply_server_side_encryption_by_default": [
                      {
                        "kms_master_key_id": "",
                        "sse_algorithm": "AES256"
                      }
                    ],
                    "bucket_key_enabled": false
                  }
                ]
              }
            ],
            "tags": {
              "CMS-Cloud-Security-GuardRails Auto-Remediation 2025-09-26 10:38:24 EDT": "S3.5 remediation: Added deny unless SSL statement to bucket policy. Contact the CMS Cloud Security team if this resource requires an exception."
            },
            "tags_all": {
              "CMS-Cloud-Security-GuardRails Auto-Remediation 2025-09-26 10:38:24 EDT": "S3.5 remediation: Added deny unless SSL statement to bucket policy. Contact the CMS Cloud Security team if this resource requires an exception.",
              "ManagedBy": "Terraform",
              "Project": "ACM-Inventory",
              "Region": "us-east-1"
            },
            "timeouts": null,
            "versioning": [
              {
                "enabled": false,
                "mfa_delete": false
              }
            ],
            "website": [],
            "website_domain": null,
            "website_endpoint": null
          },
          "sensitive_attributes": [],
          "identity_schema_version": 0,
          "private": "eyJlMmJmYjczMC1lY2FhLTExZTYtOGY4OC0zNDM2M2JjN2M0YzAiOnsiY3JlYXRlIjoxMjAwMDAwMDAwMDAwLCJkZWxldGUiOjM2MDAwMDAwMDAwMDAsInJlYWQiOjEyMDAwMDAwMDAwMDAsInVwZGF0ZSI6MTIwMDAwMDAwMDAwMH19"
        }
      ]
    }
  ],
  "check_results": null
}
